results/windows/window_position_4320_4420.fa
results/windows/window_position_5390_5490.fa
results/RAxML/5150_5250.raxml.bestModel
results/RAxML/5150_5250.raxml.bestTree
results/RAxML/5150_5250.raxml.bootstraps
results/RAxML/5150_5250.raxml.log
results/RAxML/5150_5250.raxml.mlTrees
results/RAxML/5150_5250.raxml.rba
results/RAxML/5150_5250.raxml.startTree
results/RAxML/5150_5250.raxml.support
results/windows/window_position_3190_3290.fa
results/windows/window_position_5490_5590.fa
results/RAxML/5070_5170.raxml.bestModel
results/RAxML/5070_5170.raxml.bestTree
results/RAxML/5070_5170.raxml.bootstraps
results/RAxML/5070_5170.raxml.log
results/RAxML/5070_5170.raxml.mlTrees
results/RAxML/5070_5170.raxml.rba
results/RAxML/5070_5170.raxml.startTree
results/RAxML/5070_5170.raxml.support
results/windows/window_position_2580_2680.fa
results/rf/1460_1560.rf_ete
results/rf/2250_2350.rf_ete
results/windows/window_position_3890_3990.fa
results/windows/window_position_1240_1340.fa
results/rf/670_770.rf_ete
results/rf/390_490.rf_ete
results/rf/1230_1330.rf_ete
results/rf/1370_1470.rf_ete
results/RAxML/1460_1560.raxml.bestModel
results/RAxML/1460_1560.raxml.bestTree
results/RAxML/1460_1560.raxml.bootstraps
results/RAxML/1460_1560.raxml.log
results/RAxML/1460_1560.raxml.mlTrees
results/RAxML/1460_1560.raxml.rba
results/RAxML/1460_1560.raxml.startTree
results/RAxML/1460_1560.raxml.support
results/RAxML/2250_2350.raxml.bestModel
results/RAxML/2250_2350.raxml.bestTree
results/RAxML/2250_2350.raxml.bootstraps
results/RAxML/2250_2350.raxml.log
results/RAxML/2250_2350.raxml.mlTrees
results/RAxML/2250_2350.raxml.rba
results/RAxML/2250_2350.raxml.startTree
results/RAxML/2250_2350.raxml.support
results/windows/window_position_1420_1520.fa
results/RAxML/670_770.raxml.bestModel
results/RAxML/670_770.raxml.bestTree
results/RAxML/670_770.raxml.bootstraps
results/RAxML/670_770.raxml.log
results/RAxML/670_770.raxml.mlTrees
results/RAxML/670_770.raxml.rba
results/RAxML/670_770.raxml.startTree
results/RAxML/670_770.raxml.support
results/RAxML/390_490.raxml.bestModel
results/RAxML/390_490.raxml.bestTree
results/RAxML/390_490.raxml.bootstraps
results/RAxML/390_490.raxml.log
results/RAxML/390_490.raxml.mlTrees
results/RAxML/390_490.raxml.rba
results/RAxML/390_490.raxml.startTree
results/RAxML/390_490.raxml.support
results/rf/1420_1520.rf_ete
results/rf/3330_3430.rf_ete
results/rf/3840_3940.rf_ete
results/rf/4120_4220.rf_ete
results/RAxML/1230_1330.raxml.bestModel
results/RAxML/1230_1330.raxml.bestTree
results/RAxML/1230_1330.raxml.bootstraps
results/RAxML/1230_1330.raxml.log
results/RAxML/1230_1330.raxml.mlTrees
results/RAxML/1230_1330.raxml.rba
results/RAxML/1230_1330.raxml.startTree
results/RAxML/1230_1330.raxml.support
results/RAxML/1370_1470.raxml.bestModel
results/RAxML/1370_1470.raxml.bestTree
results/RAxML/1370_1470.raxml.bootstraps
results/RAxML/1370_1470.raxml.log
results/RAxML/1370_1470.raxml.mlTrees
results/RAxML/1370_1470.raxml.rba
results/RAxML/1370_1470.raxml.startTree
results/RAxML/1370_1470.raxml.support
results/windows/window_position_5150_5250.fa
results/RAxML/5390_5490.raxml.bestModel
results/RAxML/5390_5490.raxml.bestTree
results/RAxML/5390_5490.raxml.bootstraps
results/RAxML/5390_5490.raxml.log
results/RAxML/5390_5490.raxml.mlTrees
results/RAxML/5390_5490.raxml.rba
results/RAxML/5390_5490.raxml.startTree
results/RAxML/5390_5490.raxml.support
results/windows/window_position_670_770.fa
results/windows/window_position_390_490.fa
results/rf/1470_1570.rf_ete
results/rf/2260_2360.rf_ete
results/rf/3240_3340.rf_ete
results/rf/4310_4410.rf_ete
results/rf/4870_4970.rf_ete
results/rf/5150_5250.rf_ete
results/RAxML/1420_1520.raxml.bestModel
results/RAxML/1420_1520.raxml.bestTree
results/RAxML/1420_1520.raxml.bootstraps
results/RAxML/1420_1520.raxml.log
results/RAxML/1420_1520.raxml.mlTrees
results/RAxML/1420_1520.raxml.rba
results/RAxML/1420_1520.raxml.startTree
results/RAxML/1420_1520.raxml.support
results/RAxML/3330_3430.raxml.bestModel
results/RAxML/3330_3430.raxml.bestTree
results/RAxML/3330_3430.raxml.bootstraps
results/RAxML/3330_3430.raxml.log
results/RAxML/3330_3430.raxml.mlTrees
results/RAxML/3330_3430.raxml.rba
results/RAxML/3330_3430.raxml.startTree
results/RAxML/3330_3430.raxml.support
results/windows/window_position_4880_4980.fa
results/rf/400_500.rf_ete
results/rf/1240_1340.rf_ete
results/rf/2450_2550.rf_ete
results/rf/1380_1480.rf_ete
results/rf/680_780.rf_ete
results/rf/5480_5580.rf_ete
results/RAxML/1470_1570.raxml.bestModel
results/RAxML/1470_1570.raxml.bestTree
results/RAxML/1470_1570.raxml.bootstraps
results/RAxML/1470_1570.raxml.log
results/RAxML/1470_1570.raxml.mlTrees
results/RAxML/1470_1570.raxml.rba
results/RAxML/1470_1570.raxml.startTree
results/RAxML/1470_1570.raxml.support
results/RAxML/2260_2360.raxml.bestModel
results/RAxML/2260_2360.raxml.bestTree
results/RAxML/2260_2360.raxml.bootstraps
results/RAxML/2260_2360.raxml.log
results/RAxML/2260_2360.raxml.mlTrees
results/RAxML/2260_2360.raxml.rba
results/RAxML/2260_2360.raxml.startTree
results/RAxML/2260_2360.raxml.support
results/RAxML/3240_3340.raxml.bestModel
results/RAxML/3240_3340.raxml.bestTree
results/RAxML/3240_3340.raxml.bootstraps
results/RAxML/3240_3340.raxml.log
results/RAxML/3240_3340.raxml.mlTrees
results/RAxML/3240_3340.raxml.rba
results/RAxML/3240_3340.raxml.startTree
results/RAxML/3240_3340.raxml.support
results/RAxML/4310_4410.raxml.bestModel
results/RAxML/4310_4410.raxml.bestTree
results/RAxML/4310_4410.raxml.bootstraps
results/RAxML/4310_4410.raxml.log
results/RAxML/4310_4410.raxml.mlTrees
results/RAxML/4310_4410.raxml.rba
results/RAxML/4310_4410.raxml.startTree
results/RAxML/4310_4410.raxml.support
results/RAxML/4820_4920.raxml.bestModel
results/RAxML/4820_4920.raxml.bestTree
results/RAxML/4820_4920.raxml.bootstraps
results/RAxML/4820_4920.raxml.log
results/RAxML/4820_4920.raxml.mlTrees
results/RAxML/4820_4920.raxml.rba
results/RAxML/4820_4920.raxml.startTree
results/RAxML/4820_4920.raxml.support
results/windows/window_position_5070_5170.fa
results/RAxML/680_780.raxml.bestModel
results/RAxML/680_780.raxml.bestTree
results/RAxML/680_780.raxml.bootstraps
results/RAxML/680_780.raxml.log
results/RAxML/680_780.raxml.mlTrees
results/RAxML/680_780.raxml.rba
results/RAxML/680_780.raxml.startTree
results/RAxML/680_780.raxml.support
results/RAxML/400_500.raxml.bestModel
results/RAxML/400_500.raxml.bestTree
results/RAxML/400_500.raxml.bootstraps
results/RAxML/400_500.raxml.log
results/RAxML/400_500.raxml.mlTrees
results/RAxML/400_500.raxml.rba
results/RAxML/400_500.raxml.startTree
results/RAxML/400_500.raxml.support
results/rf/1430_1530.rf_ete
results/rf/3340_3440.rf_ete
results/rf/3850_3950.rf_ete
results/rf/4130_4230.rf_ete
results/RAxML/1240_1340.raxml.bestModel
results/RAxML/1240_1340.raxml.bestTree
results/RAxML/1240_1340.raxml.bootstraps
results/RAxML/1240_1340.raxml.log
results/RAxML/1240_1340.raxml.mlTrees
results/RAxML/1240_1340.raxml.rba
results/RAxML/1240_1340.raxml.startTree
results/RAxML/1240_1340.raxml.support
results/RAxML/1380_1480.raxml.bestModel
results/RAxML/1380_1480.raxml.bestTree
results/RAxML/1380_1480.raxml.bootstraps
results/RAxML/1380_1480.raxml.log
results/RAxML/1380_1480.raxml.mlTrees
results/RAxML/1380_1480.raxml.rba
results/RAxML/1380_1480.raxml.startTree
results/RAxML/1380_1480.raxml.support
results/RAxML/2450_2550.raxml.bestModel
results/RAxML/2450_2550.raxml.bestTree
results/RAxML/2450_2550.raxml.bootstraps
results/RAxML/2450_2550.raxml.log
results/RAxML/2450_2550.raxml.mlTrees
results/RAxML/2450_2550.raxml.rba
results/RAxML/2450_2550.raxml.startTree
results/RAxML/2450_2550.raxml.support
results/RAxML/5480_5580.raxml.bestModel
results/RAxML/5480_5580.raxml.bestTree
results/RAxML/5480_5580.raxml.bootstraps
results/RAxML/5480_5580.raxml.log
results/RAxML/5480_5580.raxml.mlTrees
results/RAxML/5480_5580.raxml.rba
results/RAxML/5480_5580.raxml.startTree
results/RAxML/5480_5580.raxml.support
results/windows/window_position_3330_3430.fa
results/windows/window_position_400_500.fa
results/windows/window_position_680_780.fa
results/rf/1480_1580.rf_ete
results/rf/2270_2370.rf_ete
results/rf/4320_4420.rf_ete
results/rf/4880_4980.rf_ete
results/RAxML/1430_1530.raxml.bestModel
results/RAxML/1430_1530.raxml.bestTree
results/RAxML/1430_1530.raxml.bootstraps
results/RAxML/1430_1530.raxml.log
results/RAxML/1430_1530.raxml.mlTrees
results/RAxML/1430_1530.raxml.rba
results/RAxML/1430_1530.raxml.startTree
results/RAxML/1430_1530.raxml.support
results/RAxML/3340_3440.raxml.bestModel
results/RAxML/3340_3440.raxml.bestTree
results/RAxML/3340_3440.raxml.bootstraps
results/RAxML/3340_3440.raxml.log
results/RAxML/3340_3440.raxml.mlTrees
results/RAxML/3340_3440.raxml.rba
results/RAxML/3340_3440.raxml.startTree
results/RAxML/3340_3440.raxml.support
results/RAxML/3850_3950.raxml.bestModel
results/RAxML/3850_3950.raxml.bestTree
results/RAxML/3850_3950.raxml.bootstraps
results/RAxML/3850_3950.raxml.log
results/RAxML/3850_3950.raxml.mlTrees
results/RAxML/3850_3950.raxml.rba
results/RAxML/3850_3950.raxml.startTree
results/RAxML/3850_3950.raxml.support
results/RAxML/4130_4230.raxml.bestModel
results/RAxML/4130_4230.raxml.bestTree
results/RAxML/4130_4230.raxml.bootstraps
results/RAxML/4130_4230.raxml.log
results/RAxML/4130_4230.raxml.mlTrees
results/RAxML/4130_4230.raxml.rba
results/RAxML/4130_4230.raxml.startTree
results/RAxML/4130_4230.raxml.support
results/windows/window_position_2270_2370.fa
results/windows/window_position_3240_3340.fa
results/windows/window_position_1060_1160.fa
results/rf/690_790.rf_ete
results/rf/410_510.rf_ete
results/rf/1250_1350.rf_ete
results/rf/1390_1490.rf_ete
results/rf/2460_2560.rf_ete
results/rf/5490_5590.rf_ete
results/RAxML/1480_1580.raxml.bestModel
results/RAxML/1480_1580.raxml.bestTree
results/RAxML/1480_1580.raxml.bootstraps
results/RAxML/1480_1580.raxml.log
results/RAxML/1480_1580.raxml.mlTrees
results/RAxML/1480_1580.raxml.rba
results/RAxML/1480_1580.raxml.startTree
results/RAxML/1480_1580.raxml.support
results/RAxML/2270_2370.raxml.bestModel
results/RAxML/2270_2370.raxml.bestTree
results/RAxML/2270_2370.raxml.bootstraps
results/RAxML/2270_2370.raxml.log
results/RAxML/2270_2370.raxml.mlTrees
results/RAxML/2270_2370.raxml.rba
results/RAxML/2270_2370.raxml.startTree
results/RAxML/2270_2370.raxml.support
results/RAxML/4320_4420.raxml.bestModel
results/RAxML/4320_4420.raxml.bestTree
results/RAxML/4320_4420.raxml.bootstraps
results/RAxML/4320_4420.raxml.log
results/RAxML/4320_4420.raxml.mlTrees
results/RAxML/4320_4420.raxml.rba
results/RAxML/4320_4420.raxml.startTree
results/RAxML/4320_4420.raxml.support
results/RAxML/4880_4980.raxml.bestModel
results/RAxML/4880_4980.raxml.bestTree
results/RAxML/4880_4980.raxml.bootstraps
results/RAxML/4880_4980.raxml.log
results/RAxML/4880_4980.raxml.mlTrees
results/RAxML/4880_4980.raxml.rba
results/RAxML/4880_4980.raxml.startTree
results/RAxML/4880_4980.raxml.support
results/windows/window_position_1200_1300.fa
results/windows/window_position_3850_3950.fa
results/RAxML/3200_3300.raxml.bestModel
results/RAxML/3200_3300.raxml.bestTree
results/RAxML/3200_3300.raxml.bootstraps
results/RAxML/3200_3300.raxml.log
results/RAxML/3200_3300.raxml.mlTrees
results/RAxML/3200_3300.raxml.rba
results/RAxML/3200_3300.raxml.startTree
results/RAxML/3200_3300.raxml.support
results/RAxML/690_790.raxml.bestModel
results/RAxML/690_790.raxml.bestTree
results/RAxML/690_790.raxml.bootstraps
results/RAxML/690_790.raxml.log
results/RAxML/690_790.raxml.mlTrees
results/RAxML/690_790.raxml.rba
results/RAxML/690_790.raxml.startTree
results/RAxML/690_790.raxml.support
results/RAxML/410_510.raxml.bestModel
results/RAxML/410_510.raxml.bestTree
results/RAxML/410_510.raxml.bootstraps
results/RAxML/410_510.raxml.log
results/RAxML/410_510.raxml.mlTrees
results/RAxML/410_510.raxml.rba
results/RAxML/410_510.raxml.startTree
results/RAxML/410_510.raxml.support
results/rf/1440_1540.rf_ete
results/rf/3350_3450.rf_ete
results/rf/3860_3960.rf_ete
results/rf/4140_4240.rf_ete
results/RAxML/1250_1350.raxml.bestModel
results/RAxML/1250_1350.raxml.bestTree
results/RAxML/1250_1350.raxml.bootstraps
results/RAxML/1250_1350.raxml.log
results/RAxML/1250_1350.raxml.mlTrees
results/RAxML/1250_1350.raxml.rba
results/RAxML/1250_1350.raxml.startTree
results/RAxML/1250_1350.raxml.support
results/RAxML/1390_1490.raxml.bestModel
results/RAxML/1390_1490.raxml.bestTree
results/RAxML/1390_1490.raxml.bootstraps
results/RAxML/1390_1490.raxml.log
results/RAxML/1390_1490.raxml.mlTrees
results/RAxML/1390_1490.raxml.rba
results/RAxML/1390_1490.raxml.startTree
results/RAxML/1390_1490.raxml.support
results/RAxML/2460_2560.raxml.bestModel
results/RAxML/2460_2560.raxml.bestTree
results/RAxML/2460_2560.raxml.bootstraps
results/RAxML/2460_2560.raxml.log
results/RAxML/2460_2560.raxml.mlTrees
results/RAxML/2460_2560.raxml.rba
results/RAxML/2460_2560.raxml.startTree
results/RAxML/2460_2560.raxml.support
results/RAxML/5490_5590.raxml.bestModel
results/RAxML/5490_5590.raxml.bestTree
results/RAxML/5490_5590.raxml.bootstraps
results/RAxML/5490_5590.raxml.log
results/RAxML/5490_5590.raxml.mlTrees
results/RAxML/5490_5590.raxml.rba
results/RAxML/5490_5590.raxml.startTree
results/RAxML/5490_5590.raxml.support
results/windows/window_position_1290_1390.fa
results/windows/window_position_2350_2450.fa
results/windows/window_position_2730_2830.fa
results/windows/window_position_690_790.fa
results/windows/window_position_410_510.fa
results/RAxML/1440_1540.raxml.bestModel
results/RAxML/1440_1540.raxml.bestTree
results/RAxML/1440_1540.raxml.bootstraps
results/RAxML/1440_1540.raxml.log
results/RAxML/1440_1540.raxml.mlTrees
results/RAxML/1440_1540.raxml.rba
results/RAxML/1440_1540.raxml.startTree
results/RAxML/1440_1540.raxml.support
results/RAxML/3350_3450.raxml.bestModel
results/RAxML/3350_3450.raxml.bestTree
results/RAxML/3350_3450.raxml.bootstraps
results/RAxML/3350_3450.raxml.log
results/RAxML/3350_3450.raxml.mlTrees
results/RAxML/3350_3450.raxml.rba
results/RAxML/3350_3450.raxml.startTree
results/RAxML/3350_3450.raxml.support
results/RAxML/3860_3960.raxml.bestModel
results/RAxML/3860_3960.raxml.bestTree
results/RAxML/3860_3960.raxml.bootstraps
results/RAxML/3860_3960.raxml.log
results/RAxML/3860_3960.raxml.mlTrees
results/RAxML/3860_3960.raxml.rba
results/RAxML/3860_3960.raxml.startTree
results/RAxML/3860_3960.raxml.support
results/RAxML/4140_4240.raxml.bestModel
results/RAxML/4140_4240.raxml.bestTree
results/RAxML/4140_4240.raxml.bootstraps
results/RAxML/4140_4240.raxml.log
results/RAxML/4140_4240.raxml.mlTrees
results/RAxML/4140_4240.raxml.rba
results/RAxML/4140_4240.raxml.startTree
results/RAxML/4140_4240.raxml.support
results/windows/window_position_1250_1350.fa
results/windows/window_position_1390_1490.fa
results/windows/window_position_2450_2550.fa
results/windows/window_position_2460_2560.fa
results/windows/window_position_4820_4920.fa
results/windows/window_position_1440_1540.fa
results/windows/window_position_3350_3450.fa
results/RAxML/4590_4690.raxml.bestModel
results/RAxML/4590_4690.raxml.bestTree
results/RAxML/4590_4690.raxml.bootstraps
results/RAxML/4590_4690.raxml.log
results/RAxML/4590_4690.raxml.mlTrees
results/RAxML/4590_4690.raxml.rba
results/RAxML/4590_4690.raxml.startTree
results/RAxML/4590_4690.raxml.support
results/RAxML/3900_4000.raxml.bestModel
results/RAxML/3900_4000.raxml.bestTree
results/RAxML/3900_4000.raxml.bootstraps
results/RAxML/3900_4000.raxml.log
results/RAxML/3900_4000.raxml.mlTrees
results/RAxML/3900_4000.raxml.rba
results/RAxML/3900_4000.raxml.startTree
results/RAxML/3900_4000.raxml.support
results/windows/window_position_3860_3960.fa
results/windows/window_position_1370_1470.fa
results/windows/window_position_4140_4240.fa
results/windows/window_position_4130_4230.fa
results/windows/window_position_1480_1580.fa
results/windows/window_position_4310_4410.fa
results/windows/window_position_5380_5480.fa
results/windows/window_position_3200_3300.fa
results/windows/window_position_5480_5580.fa
results/RAxML/4870_4970.raxml.bestModel
results/RAxML/4870_4970.raxml.bestTree
results/RAxML/4870_4970.raxml.bootstraps
results/RAxML/4870_4970.raxml.log
results/RAxML/4870_4970.raxml.mlTrees
results/RAxML/4870_4970.raxml.rba
results/RAxML/4870_4970.raxml.startTree
results/RAxML/4870_4970.raxml.support
results/RAxML/5060_5160.raxml.bestModel
results/RAxML/5060_5160.raxml.bestTree
results/RAxML/5060_5160.raxml.bootstraps
results/RAxML/5060_5160.raxml.log
results/RAxML/5060_5160.raxml.mlTrees
results/RAxML/5060_5160.raxml.rba
results/RAxML/5060_5160.raxml.startTree
results/RAxML/5060_5160.raxml.support
results/windows/window_position_2590_2690.fa
results/rf/200_300.rf_ete
results/rf/1040_1140.rf_ete
results/rf/1320_1420.rf_ete
results/rf/2810_2910.rf_ete
results/rf/3880_3980.rf_ete
results/windows/window_position_3900_4000.fa
results/windows/window_position_4590_4690.fa
results/windows/window_position_1230_1330.fa
results/rf/250_350.rf_ete
results/rf/2580_2680.rf_ete
results/RAxML/200_300.raxml.bestModel
results/RAxML/200_300.raxml.bestTree
results/RAxML/200_300.raxml.bootstraps
results/RAxML/200_300.raxml.log
results/RAxML/200_300.raxml.mlTrees
results/RAxML/200_300.raxml.rba
results/RAxML/200_300.raxml.startTree
results/RAxML/200_300.raxml.support
results/RAxML/1040_1140.raxml.bestModel
results/RAxML/1040_1140.raxml.bestTree
results/RAxML/1040_1140.raxml.bootstraps
results/RAxML/1040_1140.raxml.log
results/RAxML/1040_1140.raxml.mlTrees
results/RAxML/1040_1140.raxml.rba
results/RAxML/1040_1140.raxml.startTree
results/RAxML/1040_1140.raxml.support
results/RAxML/1320_1420.raxml.bestModel
results/RAxML/1320_1420.raxml.bestTree
results/RAxML/1320_1420.raxml.bootstraps
results/RAxML/1320_1420.raxml.log
results/RAxML/1320_1420.raxml.mlTrees
results/RAxML/1320_1420.raxml.rba
results/RAxML/1320_1420.raxml.startTree
results/RAxML/1320_1420.raxml.support
results/RAxML/2810_2910.raxml.bestModel
results/RAxML/2810_2910.raxml.bestTree
results/RAxML/2810_2910.raxml.bootstraps
results/RAxML/2810_2910.raxml.log
results/RAxML/2810_2910.raxml.mlTrees
results/RAxML/2810_2910.raxml.rba
results/RAxML/2810_2910.raxml.startTree
results/RAxML/2810_2910.raxml.support
results/RAxML/3880_3980.raxml.bestModel
results/RAxML/3880_3980.raxml.bestTree
results/RAxML/3880_3980.raxml.bootstraps
results/RAxML/3880_3980.raxml.log
results/RAxML/3880_3980.raxml.mlTrees
results/RAxML/3880_3980.raxml.rba
results/RAxML/3880_3980.raxml.startTree
results/RAxML/3880_3980.raxml.support
results/windows/window_position_1430_1530.fa
results/RAxML/250_350.raxml.bestModel
results/RAxML/250_350.raxml.bestTree
results/RAxML/250_350.raxml.bootstraps
results/RAxML/250_350.raxml.log
results/RAxML/250_350.raxml.mlTrees
results/RAxML/250_350.raxml.rba
results/RAxML/250_350.raxml.startTree
results/RAxML/250_350.raxml.support
results/rf/440_540.rf_ete
results/rf/1280_1380.rf_ete
results/rf/2350_2450.rf_ete
results/rf/3190_3290.rf_ete
results/rf/4820_4920.rf_ete
results/rf/5380_5480.rf_ete
results/RAxML/2580_2680.raxml.bestModel
results/RAxML/2580_2680.raxml.bestTree
results/RAxML/2580_2680.raxml.bootstraps
results/RAxML/2580_2680.raxml.log
results/RAxML/2580_2680.raxml.mlTrees
results/RAxML/2580_2680.raxml.rba
results/RAxML/2580_2680.raxml.startTree
results/RAxML/2580_2680.raxml.support
results/RAxML/5380_5480.raxml.bestModel
results/RAxML/5380_5480.raxml.bestTree
results/RAxML/5380_5480.raxml.bootstraps
results/RAxML/5380_5480.raxml.log
results/RAxML/5380_5480.raxml.mlTrees
results/RAxML/5380_5480.raxml.rba
results/RAxML/5380_5480.raxml.startTree
results/RAxML/5380_5480.raxml.support
results/RAxML/3840_3940.raxml.bestModel
results/RAxML/3840_3940.raxml.bestTree
results/RAxML/3840_3940.raxml.bootstraps
results/RAxML/3840_3940.raxml.log
results/RAxML/3840_3940.raxml.mlTrees
results/RAxML/3840_3940.raxml.rba
results/RAxML/3840_3940.raxml.startTree
results/RAxML/3840_3940.raxml.support
results/windows/window_position_250_350.fa
results/RAxML/440_540.raxml.bestModel
results/RAxML/440_540.raxml.bestTree
results/RAxML/440_540.raxml.bootstraps
results/RAxML/440_540.raxml.log
results/RAxML/440_540.raxml.mlTrees
results/RAxML/440_540.raxml.rba
results/RAxML/440_540.raxml.startTree
results/RAxML/440_540.raxml.support
results/rf/210_310.rf_ete
results/rf/1050_1150.rf_ete
results/rf/1190_1290.rf_ete
results/rf/2540_2640.rf_ete
results/rf/3890_3990.rf_ete
results/rf/4590_4690.rf_ete
results/RAxML/1280_1380.raxml.bestModel
results/RAxML/1280_1380.raxml.bestTree
results/RAxML/1280_1380.raxml.bootstraps
results/RAxML/1280_1380.raxml.log
results/RAxML/1280_1380.raxml.mlTrees
results/RAxML/1280_1380.raxml.rba
results/RAxML/1280_1380.raxml.startTree
results/RAxML/1280_1380.raxml.support
results/RAxML/2350_2450.raxml.bestModel
results/RAxML/2350_2450.raxml.bestTree
results/RAxML/2350_2450.raxml.bootstraps
results/RAxML/2350_2450.raxml.log
results/RAxML/2350_2450.raxml.mlTrees
results/RAxML/2350_2450.raxml.rba
results/RAxML/2350_2450.raxml.startTree
results/RAxML/2350_2450.raxml.support
results/RAxML/2360_2460.raxml.bestModel
results/RAxML/2360_2460.raxml.bestTree
results/RAxML/2360_2460.raxml.bootstraps
results/RAxML/2360_2460.raxml.log
results/RAxML/2360_2460.raxml.mlTrees
results/RAxML/2360_2460.raxml.rba
results/RAxML/2360_2460.raxml.startTree
results/RAxML/2360_2460.raxml.support
results/windows/window_position_4870_4970.fa
results/rf/260_360.rf_ete
results/rf/2590_2690.rf_ete
results/RAxML/210_310.raxml.bestModel
results/RAxML/210_310.raxml.bestTree
results/RAxML/210_310.raxml.bootstraps
results/RAxML/210_310.raxml.log
results/RAxML/210_310.raxml.mlTrees
results/RAxML/210_310.raxml.rba
results/RAxML/210_310.raxml.startTree
results/RAxML/210_310.raxml.support
results/windows/window_position_440_540.fa
results/rf/2730_2830.rf_ete
results/rf/5060_5160.rf_ete
results/RAxML/1050_1150.raxml.bestModel
results/RAxML/1050_1150.raxml.bestTree
results/RAxML/1050_1150.raxml.bootstraps
results/RAxML/1050_1150.raxml.log
results/RAxML/1050_1150.raxml.mlTrees
results/RAxML/1050_1150.raxml.rba
results/RAxML/1050_1150.raxml.startTree
results/RAxML/1050_1150.raxml.support
results/RAxML/1190_1290.raxml.bestModel
results/RAxML/1190_1290.raxml.bestTree
results/RAxML/1190_1290.raxml.bootstraps
results/RAxML/1190_1290.raxml.log
results/RAxML/1190_1290.raxml.mlTrees
results/RAxML/1190_1290.raxml.rba
results/RAxML/1190_1290.raxml.startTree
results/RAxML/1190_1290.raxml.support
results/RAxML/2540_2640.raxml.bestModel
results/RAxML/2540_2640.raxml.bestTree
results/RAxML/2540_2640.raxml.bootstraps
results/RAxML/2540_2640.raxml.log
results/RAxML/2540_2640.raxml.mlTrees
results/RAxML/2540_2640.raxml.rba
results/RAxML/2540_2640.raxml.startTree
results/RAxML/2540_2640.raxml.support
results/RAxML/3890_3990.raxml.bestModel
results/RAxML/3890_3990.raxml.bestTree
results/RAxML/3890_3990.raxml.bootstraps
results/RAxML/3890_3990.raxml.log
results/RAxML/3890_3990.raxml.mlTrees
results/RAxML/3890_3990.raxml.rba
results/RAxML/3890_3990.raxml.startTree
results/RAxML/3890_3990.raxml.support
results/RAxML/4830_4930.raxml.bestModel
results/RAxML/4830_4930.raxml.bestTree
results/RAxML/4830_4930.raxml.bootstraps
results/RAxML/4830_4930.raxml.log
results/RAxML/4830_4930.raxml.mlTrees
results/RAxML/4830_4930.raxml.rba
results/RAxML/4830_4930.raxml.startTree
results/RAxML/4830_4930.raxml.support
results/windows/window_position_5060_5160.fa
results/windows/window_position_210_310.fa
results/RAxML/260_360.raxml.bestModel
results/RAxML/260_360.raxml.bestTree
results/RAxML/260_360.raxml.bootstraps
results/RAxML/260_360.raxml.log
results/RAxML/260_360.raxml.mlTrees
results/RAxML/260_360.raxml.rba
results/RAxML/260_360.raxml.startTree
results/RAxML/260_360.raxml.support
results/rf/450_550.rf_ete
results/rf/1290_1390.rf_ete
results/rf/2360_2460.rf_ete
results/rf/3200_3300.rf_ete
results/rf/4830_4930.rf_ete
results/rf/5390_5490.rf_ete
results/RAxML/2590_2690.raxml.bestModel
results/RAxML/2590_2690.raxml.bestTree
results/RAxML/2590_2690.raxml.bootstraps
results/RAxML/2590_2690.raxml.log
results/RAxML/2590_2690.raxml.mlTrees
results/RAxML/2590_2690.raxml.rba
results/RAxML/2590_2690.raxml.startTree
results/RAxML/2590_2690.raxml.support
results/RAxML/2730_2830.raxml.bestModel
results/RAxML/2730_2830.raxml.bestTree
results/RAxML/2730_2830.raxml.bootstraps
results/RAxML/2730_2830.raxml.log
results/RAxML/2730_2830.raxml.mlTrees
results/RAxML/2730_2830.raxml.rba
results/RAxML/2730_2830.raxml.startTree
results/RAxML/2730_2830.raxml.support
results/RAxML/4120_4220.raxml.bestModel
results/RAxML/4120_4220.raxml.bestTree
results/RAxML/4120_4220.raxml.bootstraps
results/RAxML/4120_4220.raxml.log
results/RAxML/4120_4220.raxml.mlTrees
results/RAxML/4120_4220.raxml.rba
results/RAxML/4120_4220.raxml.startTree
results/RAxML/4120_4220.raxml.support
results/windows/window_position_2540_2640.fa
results/windows/window_position_3340_3440.fa
results/RAxML/450_550.raxml.bestModel
results/RAxML/450_550.raxml.bestTree
results/RAxML/450_550.raxml.bootstraps
results/RAxML/450_550.raxml.log
results/RAxML/450_550.raxml.mlTrees
results/RAxML/450_550.raxml.rba
results/RAxML/450_550.raxml.startTree
results/RAxML/450_550.raxml.support
results/windows/window_position_260_360.fa
results/rf/220_320.rf_ete
results/rf/1060_1160.rf_ete
results/rf/1200_1300.rf_ete
results/rf/1710_1810.rf_ete
results/rf/2830_2930.rf_ete
results/rf/3900_4000.rf_ete
results/rf/4600_4700.rf_ete
results/RAxML/1290_1390.raxml.bestModel
results/RAxML/1290_1390.raxml.bestTree
results/RAxML/1290_1390.raxml.bootstraps
results/RAxML/1290_1390.raxml.log
results/RAxML/1290_1390.raxml.mlTrees
results/RAxML/1290_1390.raxml.rba
results/RAxML/1290_1390.raxml.startTree
results/RAxML/1290_1390.raxml.support
results/windows/window_position_2260_2360.fa
results/windows/window_position_1050_1150.fa
results/windows/window_position_450_550.fa
results/RAxML/220_320.raxml.bestModel
results/RAxML/220_320.raxml.bestTree
results/RAxML/220_320.raxml.bootstraps
results/RAxML/220_320.raxml.log
results/RAxML/220_320.raxml.mlTrees
results/RAxML/220_320.raxml.rba
results/RAxML/220_320.raxml.startTree
results/RAxML/220_320.raxml.support
results/rf/270_370.rf_ete
results/rf/2600_2700.rf_ete
results/rf/2740_2840.rf_ete
results/rf/5070_5170.rf_ete
results/RAxML/1060_1160.raxml.bestModel
results/RAxML/1060_1160.raxml.bestTree
results/RAxML/1060_1160.raxml.bootstraps
results/RAxML/1060_1160.raxml.log
results/RAxML/1060_1160.raxml.mlTrees
results/RAxML/1060_1160.raxml.rba
results/RAxML/1060_1160.raxml.startTree
results/RAxML/1060_1160.raxml.support
results/RAxML/1200_1300.raxml.bestModel
results/RAxML/1200_1300.raxml.bestTree
results/RAxML/1200_1300.raxml.bootstraps
results/RAxML/1200_1300.raxml.log
results/RAxML/1200_1300.raxml.mlTrees
results/RAxML/1200_1300.raxml.rba
results/RAxML/1200_1300.raxml.startTree
results/RAxML/1200_1300.raxml.support
results/RAxML/1710_1810.raxml.bestModel
results/RAxML/1710_1810.raxml.bestTree
results/RAxML/1710_1810.raxml.bootstraps
results/RAxML/1710_1810.raxml.log
results/RAxML/1710_1810.raxml.mlTrees
results/RAxML/1710_1810.raxml.rba
results/RAxML/1710_1810.raxml.startTree
results/RAxML/1710_1810.raxml.support
results/RAxML/2830_2930.raxml.bestModel
results/RAxML/2830_2930.raxml.bestTree
results/RAxML/2830_2930.raxml.bootstraps
results/RAxML/2830_2930.raxml.log
results/RAxML/2830_2930.raxml.mlTrees
results/RAxML/2830_2930.raxml.rba
results/RAxML/2830_2930.raxml.startTree
results/RAxML/2830_2930.raxml.support
results/windows/window_position_1190_1290.fa
results/windows/window_position_3840_3940.fa
results/RAxML/3190_3290.raxml.bestModel
results/RAxML/3190_3290.raxml.bestTree
results/RAxML/3190_3290.raxml.bootstraps
results/RAxML/3190_3290.raxml.log
results/RAxML/3190_3290.raxml.mlTrees
results/RAxML/3190_3290.raxml.rba
results/RAxML/3190_3290.raxml.startTree
results/RAxML/3190_3290.raxml.support
results/RAxML/270_370.raxml.bestModel
results/RAxML/270_370.raxml.bestTree
results/RAxML/270_370.raxml.bootstraps
results/RAxML/270_370.raxml.log
results/RAxML/270_370.raxml.mlTrees
results/RAxML/270_370.raxml.rba
results/RAxML/270_370.raxml.startTree
results/RAxML/270_370.raxml.support
results/windows/window_position_220_320.fa
results/rf/460_560.rf_ete
results/rf/1300_1400.rf_ete
results/rf/2370_2470.rf_ete
results/rf/3210_3310.rf_ete
results/rf/4840_4940.rf_ete
results/rf/5400_5500.rf_ete
results/RAxML/2600_2700.raxml.bestModel
results/RAxML/2600_2700.raxml.bestTree
results/RAxML/2600_2700.raxml.bootstraps
results/RAxML/2600_2700.raxml.log
results/RAxML/2600_2700.raxml.mlTrees
results/RAxML/2600_2700.raxml.rba
results/RAxML/2600_2700.raxml.startTree
results/RAxML/2600_2700.raxml.support
results/RAxML/2740_2840.raxml.bestModel
results/RAxML/2740_2840.raxml.bestTree
results/RAxML/2740_2840.raxml.bootstraps
results/RAxML/2740_2840.raxml.log
results/RAxML/2740_2840.raxml.mlTrees
results/RAxML/2740_2840.raxml.rba
results/RAxML/2740_2840.raxml.startTree
results/RAxML/2740_2840.raxml.support
results/windows/window_position_1280_1380.fa
results/windows/window_position_2360_2460.fa
results/windows/window_position_270_370.fa
results/RAxML/460_560.raxml.bestModel
results/RAxML/460_560.raxml.bestTree
results/RAxML/460_560.raxml.bootstraps
results/RAxML/460_560.raxml.log
results/RAxML/460_560.raxml.mlTrees
results/RAxML/460_560.raxml.rba
results/RAxML/460_560.raxml.startTree
results/RAxML/460_560.raxml.support
results/RAxML/1300_1400.raxml.bestModel
results/RAxML/1300_1400.raxml.bestTree
results/RAxML/1300_1400.raxml.bootstraps
results/RAxML/1300_1400.raxml.log
results/RAxML/1300_1400.raxml.mlTrees
results/RAxML/1300_1400.raxml.rba
results/RAxML/1300_1400.raxml.startTree
results/RAxML/1300_1400.raxml.support
results/RAxML/2370_2470.raxml.bestModel
results/RAxML/2370_2470.raxml.bestTree
results/RAxML/2370_2470.raxml.bootstraps
results/RAxML/2370_2470.raxml.log
results/RAxML/2370_2470.raxml.mlTrees
results/RAxML/2370_2470.raxml.rba
results/RAxML/2370_2470.raxml.startTree
results/RAxML/2370_2470.raxml.support
results/RAxML/3210_3310.raxml.bestModel
results/RAxML/3210_3310.raxml.bestTree
results/RAxML/3210_3310.raxml.bootstraps
results/RAxML/3210_3310.raxml.log
results/RAxML/3210_3310.raxml.mlTrees
results/RAxML/3210_3310.raxml.rba
results/RAxML/3210_3310.raxml.startTree
results/RAxML/3210_3310.raxml.support
results/RAxML/4840_4940.raxml.bestModel
results/RAxML/4840_4940.raxml.bestTree
results/RAxML/4840_4940.raxml.bootstraps
results/RAxML/4840_4940.raxml.log
results/RAxML/4840_4940.raxml.mlTrees
results/RAxML/4840_4940.raxml.rba
results/RAxML/4840_4940.raxml.startTree
results/RAxML/4840_4940.raxml.support
results/RAxML/5400_5500.raxml.bestModel
results/RAxML/5400_5500.raxml.bestTree
results/RAxML/5400_5500.raxml.bootstraps
results/RAxML/5400_5500.raxml.log
results/RAxML/5400_5500.raxml.mlTrees
results/RAxML/5400_5500.raxml.rba
results/RAxML/5400_5500.raxml.startTree
results/RAxML/5400_5500.raxml.support
results/windows/window_position_2600_2700.fa
results/windows/window_position_2740_2840.fa
results/windows/window_position_1710_1810.fa
results/windows/window_position_2830_2930.fa
results/windows/window_position_4830_4930.fa
results/windows/window_position_460_560.fa
results/windows/window_position_1300_1400.fa
results/RAxML/4600_4700.raxml.bestModel
results/RAxML/4600_4700.raxml.bestTree
results/RAxML/4600_4700.raxml.bootstraps
results/RAxML/4600_4700.raxml.log
results/RAxML/4600_4700.raxml.mlTrees
results/RAxML/4600_4700.raxml.rba
results/RAxML/4600_4700.raxml.startTree
results/RAxML/4600_4700.raxml.support
results/windows/window_position_2370_2470.fa
results/windows/window_position_1380_1480.fa
results/windows/window_position_3210_3310.fa
results/windows/window_position_4840_4940.fa
results/windows/window_position_5400_5500.fa
results/windows/window_position_4120_4220.fa
results/windows/window_position_1470_1570.fa
